
Microsoft Visual Studio Solution File, Format Version 12.00
# Visual Studio Version 17
VisualStudioVersion = 17.14.36623.8 d17.14
MinimumVisualStudioVersion = 10.0.40219.1
Project("{FAE04EC0-301F-11D3-BF4B-00C04F79EFBC}") = "Timer & Promodoro Project", "Timer & Promodoro Project.csproj", "{FFD3EF15-3261-4B12-A412-0684B267CFBA}"
EndProject
Global
	GlobalSection(SolutionConfigurationPlatforms) = preSolution
		Debug|Any CPU = Debug|Any CPU
		Release|Any CPU = Release|Any CPU
	EndGlobalSection
	GlobalSection(ProjectConfigurationPlatforms) = postSolution
		{FFD3EF15-3261-4B12-A412-0684B267CFBA}.Debug|Any CPU.ActiveCfg = Debug|Any CPU
		{FFD3EF15-3261-4B12-A412-0684B267CFBA}.Debug|Any CPU.Build.0 = Debug|Any CPU
		{FFD3EF15-3261-4B12-A412-0684B267CFBA}.Release|Any CPU.ActiveCfg = Release|Any CPU
		{FFD3EF15-3261-4B12-A412-0684B267CFBA}.Release|Any CPU.Build.0 = Release|Any CPU
	EndGlobalSection
	GlobalSection(SolutionProperties) = preSolution
		HideSolutionNode = FALSE
	EndGlobalSection
	GlobalSection(ExtensibilityGlobals) = postSolution
		SolutionGuid = {8F1BA031-CAF0-4485-8A6D-E6061BD08AA9}
	EndGlobalSection
EndGlobal
