
Microsoft Visual Studio Solution File, Format Version 12.00
# Visual Studio Version 17
VisualStudioVersion = 17.14.36623.8 d17.14
MinimumVisualStudioVersion = 10.0.40219.1
Project("{FAE04EC0-301F-11D3-BF4B-00C04F79EFBC}") = "Combo Box Exercise", "Combo Box Exercise.csproj", "{B00501A3-026F-44EF-89DD-3C299B6DF763}"
EndProject
Global
	GlobalSection(SolutionConfigurationPlatforms) = preSolution
		Debug|Any CPU = Debug|Any CPU
		Release|Any CPU = Release|Any CPU
	EndGlobalSection
	GlobalSection(ProjectConfigurationPlatforms) = postSolution
		{B00501A3-026F-44EF-89DD-3C299B6DF763}.Debug|Any CPU.ActiveCfg = Debug|Any CPU
		{B00501A3-026F-44EF-89DD-3C299B6DF763}.Debug|Any CPU.Build.0 = Debug|Any CPU
		{B00501A3-026F-44EF-89DD-3C299B6DF763}.Release|Any CPU.ActiveCfg = Release|Any CPU
		{B00501A3-026F-44EF-89DD-3C299B6DF763}.Release|Any CPU.Build.0 = Release|Any CPU
	EndGlobalSection
	GlobalSection(SolutionProperties) = preSolution
		HideSolutionNode = FALSE
	EndGlobalSection
	GlobalSection(ExtensibilityGlobals) = postSolution
		SolutionGuid = {47F63FB0-8268-441A-8C1D-F2829B10773E}
	EndGlobalSection
EndGlobal
