
Microsoft Visual Studio Solution File, Format Version 12.00
# Visual Studio Version 17
VisualStudioVersion = 17.14.36623.8 d17.14
MinimumVisualStudioVersion = 10.0.40219.1
Project("{FAE04EC0-301F-11D3-BF4B-00C04F79EFBC}") = "Pizza Project", "Pizza Project.csproj", "{083702E5-E5D3-490E-8D4B-80A4271DAE38}"
EndProject
Global
	GlobalSection(SolutionConfigurationPlatforms) = preSolution
		Debug|Any CPU = Debug|Any CPU
		Release|Any CPU = Release|Any CPU
	EndGlobalSection
	GlobalSection(ProjectConfigurationPlatforms) = postSolution
		{083702E5-E5D3-490E-8D4B-80A4271DAE38}.Debug|Any CPU.ActiveCfg = Debug|Any CPU
		{083702E5-E5D3-490E-8D4B-80A4271DAE38}.Debug|Any CPU.Build.0 = Debug|Any CPU
		{083702E5-E5D3-490E-8D4B-80A4271DAE38}.Release|Any CPU.ActiveCfg = Release|Any CPU
		{083702E5-E5D3-490E-8D4B-80A4271DAE38}.Release|Any CPU.Build.0 = Release|Any CPU
	EndGlobalSection
	GlobalSection(SolutionProperties) = preSolution
		HideSolutionNode = FALSE
	EndGlobalSection
	GlobalSection(ExtensibilityGlobals) = postSolution
		SolutionGuid = {60081731-AA10-4D55-A04E-C8C161264822}
	EndGlobalSection
EndGlobal
